
Microsoft Visual Studio Solution File, Format Version 10.00
# Visual Studio 2008
Project("{2150E333-8FDC-42A3-9474-1A3956D46DE8}") = "Application", "Application", "{A8B1B61A-AE8C-40A5-A71B-15F558BB7D0A}"
EndProject
Project("{2150E333-8FDC-42A3-9474-1A3956D46DE8}") = "Specification", "Specification", "{AC18E190-1F1C-421F-B442-2179CC4915E3}"
EndProject
Project("{FAE04EC0-301F-11D3-BF4B-00C04F79EFBC}") = "Horn.Core", "Horn.Core\Horn.Core.csproj", "{093CFA20-D720-4C58-9B8F-754F03A40D16}"
EndProject
Project("{FAE04EC0-301F-11D3-BF4B-00C04F79EFBC}") = "Horn.Core.Spec", "Horn.Core.Spec\Horn.Core.Spec.csproj", "{F454D3B6-6765-4F02-B985-E672FDEB652B}"
EndProject
Project("{FAE04EC0-301F-11D3-BF4B-00C04F79EFBC}") = "Horn.Console", "Horn.Console\Horn.Console.csproj", "{7DCE20DC-A313-4E44-AA77-D91FBF625DF3}"
EndProject
Project("{2150E333-8FDC-42A3-9474-1A3956D46DE8}") = "Solution Items", "Solution Items", "{74C6B946-74C3-4C84-85C0-F0AE01E963C7}"
	ProjectSection(SolutionItems) = preProject
		common-project.xml = common-project.xml
		common.xml = common.xml
		CommonAssemblyInfo.cs = CommonAssemblyInfo.cs
	EndProjectSection
EndProject
Project("{FAE04EC0-301F-11D3-BF4B-00C04F79EFBC}") = "Horn.Core.Integration", "Horn.Core.Integration\Horn.Core.Integration.csproj", "{BA9C5A30-FC54-48D0-BA59-E48BDCA75777}"
EndProject
Project("{FAE04EC0-301F-11D3-BF4B-00C04F79EFBC}") = "Horn.Spec.Framework", "Horn.Spec.Framework\Horn.Spec.Framework.csproj", "{03B7A9D2-30E7-4EBB-A91F-AB06F8AC1EE9}"
EndProject
Global
	GlobalSection(SolutionConfigurationPlatforms) = preSolution
		Debug|Any CPU = Debug|Any CPU
		Debug|x86 = Debug|x86
		Release|Any CPU = Release|Any CPU
		Release|x86 = Release|x86
	EndGlobalSection
	GlobalSection(ProjectConfigurationPlatforms) = postSolution
		{093CFA20-D720-4C58-9B8F-754F03A40D16}.Debug|Any CPU.ActiveCfg = Debug|x86
		{093CFA20-D720-4C58-9B8F-754F03A40D16}.Debug|Any CPU.Build.0 = Debug|x86
		{093CFA20-D720-4C58-9B8F-754F03A40D16}.Debug|x86.ActiveCfg = Debug|x86
		{093CFA20-D720-4C58-9B8F-754F03A40D16}.Debug|x86.Build.0 = Debug|x86
		{093CFA20-D720-4C58-9B8F-754F03A40D16}.Release|Any CPU.ActiveCfg = Release|x86
		{093CFA20-D720-4C58-9B8F-754F03A40D16}.Release|Any CPU.Build.0 = Release|x86
		{093CFA20-D720-4C58-9B8F-754F03A40D16}.Release|x86.ActiveCfg = Release|x86
		{093CFA20-D720-4C58-9B8F-754F03A40D16}.Release|x86.Build.0 = Release|x86
		{F454D3B6-6765-4F02-B985-E672FDEB652B}.Debug|Any CPU.ActiveCfg = Debug|x86
		{F454D3B6-6765-4F02-B985-E672FDEB652B}.Debug|Any CPU.Build.0 = Debug|x86
		{F454D3B6-6765-4F02-B985-E672FDEB652B}.Debug|x86.ActiveCfg = Debug|x86
		{F454D3B6-6765-4F02-B985-E672FDEB652B}.Debug|x86.Build.0 = Debug|x86
		{F454D3B6-6765-4F02-B985-E672FDEB652B}.Release|Any CPU.ActiveCfg = Release|x86
		{F454D3B6-6765-4F02-B985-E672FDEB652B}.Release|Any CPU.Build.0 = Release|x86
		{F454D3B6-6765-4F02-B985-E672FDEB652B}.Release|x86.ActiveCfg = Release|x86
		{F454D3B6-6765-4F02-B985-E672FDEB652B}.Release|x86.Build.0 = Release|x86
		{7DCE20DC-A313-4E44-AA77-D91FBF625DF3}.Debug|Any CPU.ActiveCfg = Debug|x86
		{7DCE20DC-A313-4E44-AA77-D91FBF625DF3}.Debug|Any CPU.Build.0 = Debug|x86
		{7DCE20DC-A313-4E44-AA77-D91FBF625DF3}.Debug|x86.ActiveCfg = Debug|x86
		{7DCE20DC-A313-4E44-AA77-D91FBF625DF3}.Debug|x86.Build.0 = Debug|x86
		{7DCE20DC-A313-4E44-AA77-D91FBF625DF3}.Release|Any CPU.ActiveCfg = Release|x86
		{7DCE20DC-A313-4E44-AA77-D91FBF625DF3}.Release|Any CPU.Build.0 = Release|x86
		{7DCE20DC-A313-4E44-AA77-D91FBF625DF3}.Release|x86.ActiveCfg = Release|x86
		{7DCE20DC-A313-4E44-AA77-D91FBF625DF3}.Release|x86.Build.0 = Release|x86
		{BA9C5A30-FC54-48D0-BA59-E48BDCA75777}.Debug|Any CPU.ActiveCfg = Debug|x86
		{BA9C5A30-FC54-48D0-BA59-E48BDCA75777}.Debug|Any CPU.Build.0 = Debug|x86
		{BA9C5A30-FC54-48D0-BA59-E48BDCA75777}.Debug|x86.ActiveCfg = Debug|x86
		{BA9C5A30-FC54-48D0-BA59-E48BDCA75777}.Debug|x86.Build.0 = Debug|x86
		{BA9C5A30-FC54-48D0-BA59-E48BDCA75777}.Release|Any CPU.ActiveCfg = Release|x86
		{BA9C5A30-FC54-48D0-BA59-E48BDCA75777}.Release|Any CPU.Build.0 = Release|x86
		{BA9C5A30-FC54-48D0-BA59-E48BDCA75777}.Release|x86.ActiveCfg = Release|x86
		{BA9C5A30-FC54-48D0-BA59-E48BDCA75777}.Release|x86.Build.0 = Release|x86
		{03B7A9D2-30E7-4EBB-A91F-AB06F8AC1EE9}.Debug|Any CPU.ActiveCfg = Debug|Any CPU
		{03B7A9D2-30E7-4EBB-A91F-AB06F8AC1EE9}.Debug|Any CPU.Build.0 = Debug|Any CPU
		{03B7A9D2-30E7-4EBB-A91F-AB06F8AC1EE9}.Debug|x86.ActiveCfg = Debug|x86
		{03B7A9D2-30E7-4EBB-A91F-AB06F8AC1EE9}.Debug|x86.Build.0 = Debug|x86
		{03B7A9D2-30E7-4EBB-A91F-AB06F8AC1EE9}.Release|Any CPU.ActiveCfg = Release|Any CPU
		{03B7A9D2-30E7-4EBB-A91F-AB06F8AC1EE9}.Release|Any CPU.Build.0 = Release|Any CPU
		{03B7A9D2-30E7-4EBB-A91F-AB06F8AC1EE9}.Release|x86.ActiveCfg = Release|x86
		{03B7A9D2-30E7-4EBB-A91F-AB06F8AC1EE9}.Release|x86.Build.0 = Release|x86
	EndGlobalSection
	GlobalSection(SolutionProperties) = preSolution
		HideSolutionNode = FALSE
	EndGlobalSection
	GlobalSection(NestedProjects) = preSolution
		{093CFA20-D720-4C58-9B8F-754F03A40D16} = {A8B1B61A-AE8C-40A5-A71B-15F558BB7D0A}
		{7DCE20DC-A313-4E44-AA77-D91FBF625DF3} = {A8B1B61A-AE8C-40A5-A71B-15F558BB7D0A}
		{F454D3B6-6765-4F02-B985-E672FDEB652B} = {AC18E190-1F1C-421F-B442-2179CC4915E3}
		{BA9C5A30-FC54-48D0-BA59-E48BDCA75777} = {AC18E190-1F1C-421F-B442-2179CC4915E3}
		{03B7A9D2-30E7-4EBB-A91F-AB06F8AC1EE9} = {AC18E190-1F1C-421F-B442-2179CC4915E3}
	EndGlobalSection
EndGlobal
